
Microsoft Visual Studio Solution File, Format Version 12.00
# Visual Studio Version 17
VisualStudioVersion = 17.11.35312.102
MinimumVisualStudioVersion = 10.0.40219.1
Project("{FAE04EC0-301F-11D3-BF4B-00C04F79EFBC}") = "ExploreCalifornia.DeadLetters", "ExploreCalifornia.DeadLetters\ExploreCalifornia.DeadLetters.csproj", "{20BA64A8-6542-4386-92B5-DC8111600253}"
EndProject
Global
	GlobalSection(SolutionConfigurationPlatforms) = preSolution
		Debug|Any CPU = Debug|Any CPU
		Release|Any CPU = Release|Any CPU
	EndGlobalSection
	GlobalSection(ProjectConfigurationPlatforms) = postSolution
		{20BA64A8-6542-4386-92B5-DC8111600253}.Debug|Any CPU.ActiveCfg = Debug|Any CPU
		{20BA64A8-6542-4386-92B5-DC8111600253}.Debug|Any CPU.Build.0 = Debug|Any CPU
		{20BA64A8-6542-4386-92B5-DC8111600253}.Release|Any CPU.ActiveCfg = Release|Any CPU
		{20BA64A8-6542-4386-92B5-DC8111600253}.Release|Any CPU.Build.0 = Release|Any CPU
	EndGlobalSection
	GlobalSection(SolutionProperties) = preSolution
		HideSolutionNode = FALSE
	EndGlobalSection
	GlobalSection(ExtensibilityGlobals) = postSolution
		SolutionGuid = {0EEA5E4F-9159-4C1D-B849-900CCF32C502}
	EndGlobalSection
EndGlobal
